// !$*UTF8*$!
{
	archiveVersion = 1;
	classes = {
	};
	objectVersion = 46;
	objects = {

/* Begin PBXBuildFile section */
		661A26D61ECC5DEB004132C8 /* ModalWithUnwindSegueViewController.swift in Sources */ = {isa = PBXBuildFile; fileRef = 661A26D51ECC5DEB004132C8 /* ModalWithUnwindSegueViewController.swift */; };
		661A26DA1ECC64D3004132C8 /* ModalViewController.swift in Sources */ = {isa = PBXBuildFile; fileRef = 661A26D91ECC64D3004132C8 /* ModalViewController.swift */; };
		668B0E961ECC7627004309A8 /* Assets.xcassets in Resources */ = {isa = PBXBuildFile; fileRef = 66DD25081EC4EC08003EBFF1 /* Assets.xcassets */; };
		66B816D81ECC3AE5006A298D /* ShowedViewController.swift in Sources */ = {isa = PBXBuildFile; fileRef = 66B816D71ECC3AE5006A298D /* ShowedViewController.swift */; };
		66B816DA1ECC3B08006A298D /* ShowedAsDetailViewController.swift in Sources */ = {isa = PBXBuildFile; fileRef = 66B816D91ECC3B08006A298D /* ShowedAsDetailViewController.swift */; };
		66B816E01ECC3B2C006A298D /* PopUpViewController.swift in Sources */ = {isa = PBXBuildFile; fileRef = 66B816DF1ECC3B2C006A298D /* PopUpViewController.swift */; };
		66B816E21ECC5232006A298D /* SplitVCMasterTableViewController.swift in Sources */ = {isa = PBXBuildFile; fileRef = 66B816E11ECC5232006A298D /* SplitVCMasterTableViewController.swift */; };
		66DD25021EC4EC08003EBFF1 /* AppDelegate.swift in Sources */ = {isa = PBXBuildFile; fileRef = 66DD25011EC4EC08003EBFF1 /* AppDelegate.swift */; };
		66DD25041EC4EC08003EBFF1 /* ViewController.swift in Sources */ = {isa = PBXBuildFile; fileRef = 66DD25031EC4EC08003EBFF1 /* ViewController.swift */; };
		66DD25071EC4EC08003EBFF1 /* Main.storyboard in Resources */ = {isa = PBXBuildFile; fileRef = 66DD25051EC4EC08003EBFF1 /* Main.storyboard */; };
		66DD250C1EC4EC08003EBFF1 /* LaunchScreen.storyboard in Resources */ = {isa = PBXBuildFile; fileRef = 66DD250A1EC4EC08003EBFF1 /* LaunchScreen.storyboard */; };
/* End PBXBuildFile section */

/* Begin PBXFileReference section */
		661A26D51ECC5DEB004132C8 /* ModalWithUnwindSegueViewController.swift */ = {isa = PBXFileReference; fileEncoding = 4; lastKnownFileType = sourcecode.swift; path = ModalWithUnwindSegueViewController.swift; sourceTree = "<group>"; };
		661A26D91ECC64D3004132C8 /* ModalViewController.swift */ = {isa = PBXFileReference; fileEncoding = 4; lastKnownFileType = sourcecode.swift; path = ModalViewController.swift; sourceTree = "<group>"; };
		66B816D71ECC3AE5006A298D /* ShowedViewController.swift */ = {isa = PBXFileReference; fileEncoding = 4; lastKnownFileType = sourcecode.swift; path = ShowedViewController.swift; sourceTree = "<group>"; };
		66B816D91ECC3B08006A298D /* ShowedAsDetailViewController.swift */ = {isa = PBXFileReference; fileEncoding = 4; lastKnownFileType = sourcecode.swift; path = ShowedAsDetailViewController.swift; sourceTree = "<group>"; };
		66B816DF1ECC3B2C006A298D /* PopUpViewController.swift */ = {isa = PBXFileReference; fileEncoding = 4; lastKnownFileType = sourcecode.swift; path = PopUpViewController.swift; sourceTree = "<group>"; };
		66B816E11ECC5232006A298D /* SplitVCMasterTableViewController.swift */ = {isa = PBXFileReference; fileEncoding = 4; lastKnownFileType = sourcecode.swift; path = SplitVCMasterTableViewController.swift; sourceTree = "<group>"; };
		66DD24FE1EC4EC08003EBFF1 /* Segues and Navigation.app */ = {isa = PBXFileReference; explicitFileType = wrapper.application; includeInIndex = 0; path = "Segues and Navigation.app"; sourceTree = BUILT_PRODUCTS_DIR; };
		66DD25011EC4EC08003EBFF1 /* AppDelegate.swift */ = {isa = PBXFileReference; lastKnownFileType = sourcecode.swift; path = AppDelegate.swift; sourceTree = "<group>"; };
		66DD25031EC4EC08003EBFF1 /* ViewController.swift */ = {isa = PBXFileReference; lastKnownFileType = sourcecode.swift; path = ViewController.swift; sourceTree = "<group>"; };
		66DD25061EC4EC08003EBFF1 /* Base */ = {isa = PBXFileReference; lastKnownFileType = file.storyboard; name = Base; path = Base.lproj/Main.storyboard; sourceTree = "<group>"; };
		66DD25081EC4EC08003EBFF1 /* Assets.xcassets */ = {isa = PBXFileReference; lastKnownFileType = folder.assetcatalog; path = Assets.xcassets; sourceTree = "<group>"; };
		66DD250B1EC4EC08003EBFF1 /* Base */ = {isa = PBXFileReference; lastKnownFileType = file.storyboard; name = Base; path = Base.lproj/LaunchScreen.storyboard; sourceTree = "<group>"; };
		66DD250D1EC4EC08003EBFF1 /* Info.plist */ = {isa = PBXFileReference; lastKnownFileType = text.plist.xml; path = Info.plist; sourceTree = "<group>"; };
/* End PBXFileReference section */

/* Begin PBXFrameworksBuildPhase section */
		66DD24FB1EC4EC08003EBFF1 /* Frameworks */ = {
			isa = PBXFrameworksBuildPhase;
			buildActionMask = 2147483647;
			files = (
			);
			runOnlyForDeploymentPostprocessing = 0;
		};
/* End PBXFrameworksBuildPhase section */

/* Begin PBXGroup section */
		66DD24F51EC4EC08003EBFF1 = {
			isa = PBXGroup;
			children = (
				66DD25001EC4EC08003EBFF1 /* Segues and Navigation */,
				66DD24FF1EC4EC08003EBFF1 /* Products */,
			);
			sourceTree = "<group>";
		};
		66DD24FF1EC4EC08003EBFF1 /* Products */ = {
			isa = PBXGroup;
			children = (
				66DD24FE1EC4EC08003EBFF1 /* Segues and Navigation.app */,
			);
			name = Products;
			sourceTree = "<group>";
		};
		66DD25001EC4EC08003EBFF1 /* Segues and Navigation */ = {
			isa = PBXGroup;
			children = (
				66DD25011EC4EC08003EBFF1 /* AppDelegate.swift */,
				66DD25031EC4EC08003EBFF1 /* ViewController.swift */,
				66B816D91ECC3B08006A298D /* ShowedAsDetailViewController.swift */,
				661A26D51ECC5DEB004132C8 /* ModalWithUnwindSegueViewController.swift */,
				661A26D91ECC64D3004132C8 /* ModalViewController.swift */,
				66B816DF1ECC3B2C006A298D /* PopUpViewController.swift */,
				66B816E11ECC5232006A298D /* SplitVCMasterTableViewController.swift */,
				66B816D71ECC3AE5006A298D /* ShowedViewController.swift */,
				66DD25051EC4EC08003EBFF1 /* Main.storyboard */,
				66DD25081EC4EC08003EBFF1 /* Assets.xcassets */,
				66DD250A1EC4EC08003EBFF1 /* LaunchScreen.storyboard */,
				66DD250D1EC4EC08003EBFF1 /* Info.plist */,
			);
			path = "Segues and Navigation";
			sourceTree = "<group>";
		};
/* End PBXGroup section */

/* Begin PBXNativeTarget section */
		66DD24FD1EC4EC08003EBFF1 /* Segues and Navigation */ = {
			isa = PBXNativeTarget;
			buildConfigurationList = 66DD25101EC4EC08003EBFF1 /* Build configuration list for PBXNativeTarget "Segues and Navigation" */;
			buildPhases = (
				66DD24FA1EC4EC08003EBFF1 /* Sources */,
				66DD24FB1EC4EC08003EBFF1 /* Frameworks */,
				66DD24FC1EC4EC08003EBFF1 /* Resources */,
			);
			buildRules = (
			);
			dependencies = (
			);
			name = "Segues and Navigation";
			productName = "Segues and Navigation";
			productReference = 66DD24FE1EC4EC08003EBFF1 /* Segues and Navigation.app */;
			productType = "com.apple.product-type.application";
		};
/* End PBXNativeTarget section */

/* Begin PBXProject section */
		66DD24F61EC4EC08003EBFF1 /* Project object */ = {
			isa = PBXProject;
			attributes = {
				LastSwiftUpdateCheck = 0830;
				LastUpgradeCheck = 0830;
				ORGANIZATIONNAME = "Digital Leaves";
				TargetAttributes = {
					66DD24FD1EC4EC08003EBFF1 = {
						CreatedOnToolsVersion = 8.3.2;
						DevelopmentTeam = 97P9DZHP78;
						ProvisioningStyle = Automatic;
					};
				};
			};
			buildConfigurationList = 66DD24F91EC4EC08003EBFF1 /* Build configuration list for PBXProject "Segues and Navigation" */;
			compatibilityVersion = "Xcode 3.2";
			developmentRegion = English;
			hasScannedForEncodings = 0;
			knownRegions = (
				en,
				Base,
			);
			mainGroup = 66DD24F51EC4EC08003EBFF1;
			productRefGroup = 66DD24FF1EC4EC08003EBFF1 /* Products */;
			projectDirPath = "";
			projectRoot = "";
			targets = (
				66DD24FD1EC4EC08003EBFF1 /* Segues and Navigation */,
			);
		};
/* End PBXProject section */

/* Begin PBXResourcesBuildPhase section */
		66DD24FC1EC4EC08003EBFF1 /* Resources */ = {
			isa = PBXResourcesBuildPhase;
			buildActionMask = 2147483647;
			files = (
				668B0E961ECC7627004309A8 /* Assets.xcassets in Resources */,
				66DD250C1EC4EC08003EBFF1 /* LaunchScreen.storyboard in Resources */,
				66DD25071EC4EC08003EBFF1 /* Main.storyboard in Resources */,
			);
			runOnlyForDeploymentPostprocessing = 0;
		};
/* End PBXResourcesBuildPhase section */

/* Begin PBXSourcesBuildPhase section */
		66DD24FA1EC4EC08003EBFF1 /* Sources */ = {
			isa = PBXSourcesBuildPhase;
			buildActionMask = 2147483647;
			files = (
				661A26DA1ECC64D3004132C8 /* ModalViewController.swift in Sources */,
				66B816E21ECC5232006A298D /* SplitVCMasterTableViewController.swift in Sources */,
				661A26D61ECC5DEB004132C8 /* ModalWithUnwindSegueViewController.swift in Sources */,
				66DD25041EC4EC08003EBFF1 /* ViewController.swift in Sources */,
				66B816DA1ECC3B08006A298D /* ShowedAsDetailViewController.swift in Sources */,
				66B816E01ECC3B2C006A298D /* PopUpViewController.swift in Sources */,
				66B816D81ECC3AE5006A298D /* ShowedViewController.swift in Sources */,
				66DD25021EC4EC08003EBFF1 /* AppDelegate.swift in Sources */,
			);
			runOnlyForDeploymentPostprocessing = 0;
		};
/* End PBXSourcesBuildPhase section */

/* Begin PBXVariantGroup section */
		66DD25051EC4EC08003EBFF1 /* Main.storyboard */ = {
			isa = PBXVariantGroup;
			children = (
				66DD25061EC4EC08003EBFF1 /* Base */,
			);
			name = Main.storyboard;
			sourceTree = "<group>";
		};
		66DD250A1EC4EC08003EBFF1 /* LaunchScreen.storyboard */ = {
			isa = PBXVariantGroup;
			children = (
				66DD250B1EC4EC08003EBFF1 /* Base */,
			);
			name = LaunchScreen.storyboard;
			sourceTree = "<group>";
		};
/* End PBXVariantGroup section */

/* Begin XCBuildConfiguration section */
		66DD250E1EC4EC08003EBFF1 /* Debug */ = {
			isa = XCBuildConfiguration;
			buildSettings = {
				ALWAYS_SEARCH_USER_PATHS = NO;
				CLANG_ANALYZER_NONNULL = YES;
				CLANG_ANALYZER_NUMBER_OBJECT_CONVERSION = YES_AGGRESSIVE;
				CLANG_CXX_LANGUAGE_STANDARD = "gnu++0x";
				CLANG_CXX_LIBRARY = "libc++";
				CLANG_ENABLE_MODULES = YES;
				CLANG_ENABLE_OBJC_ARC = YES;
				CLANG_WARN_BOOL_CONVERSION = YES;
				CLANG_WARN_CONSTANT_CONVERSION = YES;
				CLANG_WARN_DIRECT_OBJC_ISA_USAGE = YES_ERROR;
				CLANG_WARN_DOCUMENTATION_COMMENTS = YES;
				CLANG_WARN_EMPTY_BODY = YES;
				CLANG_WARN_ENUM_CONVERSION = YES;
				CLANG_WARN_INFINITE_RECURSION = YES;
				CLANG_WARN_INT_CONVERSION = YES;
				CLANG_WARN_OBJC_ROOT_CLASS = YES_ERROR;
				CLANG_WARN_SUSPICIOUS_MOVE = YES;
				CLANG_WARN_UNREACHABLE_CODE = YES;
				CLANG_WARN__DUPLICATE_METHOD_MATCH = YES;
				"CODE_SIGN_IDENTITY[sdk=iphoneos*]" = "iPhone Developer";
				COPY_PHASE_STRIP = NO;
				DEBUG_INFORMATION_FORMAT = dwarf;
				ENABLE_STRICT_OBJC_MSGSEND = YES;
				ENABLE_TESTABILITY = YES;
				GCC_C_LANGUAGE_STANDARD = gnu99;
				GCC_DYNAMIC_NO_PIC = NO;
				GCC_NO_COMMON_BLOCKS = YES;
				GCC_OPTIMIZATION_LEVEL = 0;
				GCC_PREPROCESSOR_DEFINITIONS = (
					"DEBUG=1",
					"$(inherited)",
				);
				GCC_WARN_64_TO_32_BIT_CONVERSION = YES;
				GCC_WARN_ABOUT_RETURN_TYPE = YES_ERROR;
				GCC_WARN_UNDECLARED_SELECTOR = YES;
				GCC_WARN_UNINITIALIZED_AUTOS = YES_AGGRESSIVE;
				GCC_WARN_UNUSED_FUNCTION = YES;
				GCC_WARN_UNUSED_VARIABLE = YES;
				IPHONEOS_DEPLOYMENT_TARGET = 10.3;
				MTL_ENABLE_DEBUG_INFO = YES;
				ONLY_ACTIVE_ARCH = YES;
				SDKROOT = iphoneos;
				SWIFT_ACTIVE_COMPILATION_CONDITIONS = DEBUG;
				SWIFT_OPTIMIZATION_LEVEL = "-Onone";
				TARGETED_DEVICE_FAMILY = "1,2";
			};
			name = Debug;
		};
		66DD250F1EC4EC08003EBFF1 /* Release */ = {
			isa = XCBuildConfiguration;
			buildSettings = {
				ALWAYS_SEARCH_USER_PATHS = NO;
				CLANG_ANALYZER_NONNULL = YES;
				CLANG_ANALYZER_NUMBER_OBJECT_CONVERSION = YES_AGGRESSIVE;
				CLANG_CXX_LANGUAGE_STANDARD = "gnu++0x";
				CLANG_CXX_LIBRARY = "libc++";
				CLANG_ENABLE_MODULES = YES;
				CLANG_ENABLE_OBJC_ARC = YES;
				CLANG_WARN_BOOL_CONVERSION = YES;
				CLANG_WARN_CONSTANT_CONVERSION = YES;
				CLANG_WARN_DIRECT_OBJC_ISA_USAGE = YES_ERROR;
				CLANG_WARN_DOCUMENTATION_COMMENTS = YES;
				CLANG_WARN_EMPTY_BODY = YES;
				CLANG_WARN_ENUM_CONVERSION = YES;
				CLANG_WARN_INFINITE_RECURSION = YES;
				CLANG_WARN_INT_CONVERSION = YES;
				CLANG_WARN_OBJC_ROOT_CLASS = YES_ERROR;
				CLANG_WARN_SUSPICIOUS_MOVE = YES;
				CLANG_WARN_UNREACHABLE_CODE = YES;
				CLANG_WARN__DUPLICATE_METHOD_MATCH = YES;
				"CODE_SIGN_IDENTITY[sdk=iphoneos*]" = "iPhone Developer";
				COPY_PHASE_STRIP = NO;
				DEBUG_INFORMATION_FORMAT = "dwarf-with-dsym";
				ENABLE_NS_ASSERTIONS = NO;
				ENABLE_STRICT_OBJC_MSGSEND = YES;
				GCC_C_LANGUAGE_STANDARD = gnu99;
				GCC_NO_COMMON_BLOCKS = YES;
				GCC_WARN_64_TO_32_BIT_CONVERSION = YES;
				GCC_WARN_ABOUT_RETURN_TYPE = YES_ERROR;
				GCC_WARN_UNDECLARED_SELECTOR = YES;
				GCC_WARN_UNINITIALIZED_AUTOS = YES_AGGRESSIVE;
				GCC_WARN_UNUSED_FUNCTION = YES;
				GCC_WARN_UNUSED_VARIABLE = YES;
				IPHONEOS_DEPLOYMENT_TARGET = 10.3;
				MTL_ENABLE_DEBUG_INFO = NO;
				SDKROOT = iphoneos;
				SWIFT_OPTIMIZATION_LEVEL = "-Owholemodule";
				TARGETED_DEVICE_FAMILY = "1,2";
				VALIDATE_PRODUCT = YES;
			};
			name = Release;
		};
		66DD25111EC4EC08003EBFF1 /* Debug */ = {
			isa = XCBuildConfiguration;
			buildSettings = {
				ASSETCATALOG_COMPILER_APPICON_NAME = AppIcon;
				DEVELOPMENT_TEAM = 97P9DZHP78;
				INFOPLIST_FILE = "Segues and Navigation/Info.plist";
				LD_RUNPATH_SEARCH_PATHS = "$(inherited) @executable_path/Frameworks";
				PRODUCT_BUNDLE_IDENTIFIER = "com.DigitalLeaves.Segues-and-Navigation";
				PRODUCT_NAME = "$(TARGET_NAME)";
				SWIFT_VERSION = 3.0;
			};
			name = Debug;
		};
		66DD25121EC4EC08003EBFF1 /* Release */ = {
			isa = XCBuildConfiguration;
			buildSettings = {
				ASSETCATALOG_COMPILER_APPICON_NAME = AppIcon;
				DEVELOPMENT_TEAM = 97P9DZHP78;
				INFOPLIST_FILE = "Segues and Navigation/Info.plist";
				LD_RUNPATH_SEARCH_PATHS = "$(inherited) @executable_path/Frameworks";
				PRODUCT_BUNDLE_IDENTIFIER = "com.DigitalLeaves.Segues-and-Navigation";
				PRODUCT_NAME = "$(TARGET_NAME)";
				SWIFT_VERSION = 3.0;
			};
			name = Release;
		};
/* End XCBuildConfiguration section */

/* Begin XCConfigurationList section */
		66DD24F91EC4EC08003EBFF1 /* Build configuration list for PBXProject "Segues and Navigation" */ = {
			isa = XCConfigurationList;
			buildConfigurations = (
				66DD250E1EC4EC08003EBFF1 /* Debug */,
				66DD250F1EC4EC08003EBFF1 /* Release */,
			);
			defaultConfigurationIsVisible = 0;
			defaultConfigurationName = Release;
		};
		66DD25101EC4EC08003EBFF1 /* Build configuration list for PBXNativeTarget "Segues and Navigation" */ = {
			isa = XCConfigurationList;
			buildConfigurations = (
				66DD25111EC4EC08003EBFF1 /* Debug */,
				66DD25121EC4EC08003EBFF1 /* Release */,
			);
			defaultConfigurationIsVisible = 0;
			defaultConfigurationName = Release;
		};
/* End XCConfigurationList section */
	};
	rootObject = 66DD24F61EC4EC08003EBFF1 /* Project object */;
}
